
Microsoft Visual Studio Solution File, Format Version 12.00
# Visual Studio Version 16
VisualStudioVersion = 16.0.31515.178
MinimumVisualStudioVersion = 10.0.40219.1
Project("{2150E333-8FDC-42A3-9474-1A3956D46DE8}") = "Tests", "Tests", "{757C86D9-1A1F-44A5-9017-2E49F876E55C}"
EndProject
Project("{9A19103F-16F7-4668-BE54-9A1E7A4F7556}") = "Test.It.With.Amqp.091.Protocol.Tests", "Tests\Test.It.With.Amqp.091.Protocol.Tests\Test.It.With.Amqp.091.Protocol.Tests.csproj", "{08043C57-D39D-4420-B201-90699A06B418}"
EndProject
Project("{9A19103F-16F7-4668-BE54-9A1E7A4F7556}") = "Test.It.With.Amqp.091.Protocol", "Test.It.With.Amqp.091.Protocol\Test.It.With.Amqp.091.Protocol.csproj", "{F780861A-DB04-4937-8083-3CD6FD5C1D87}"
EndProject
Project("{9A19103F-16F7-4668-BE54-9A1E7A4F7556}") = "Test.It.With.Amqp.091.Protocol.Generator.Transformation", "Test.It.With.Amqp.091.Protocol.Generator.Transformation\Test.It.With.Amqp.091.Protocol.Generator.Transformation.csproj", "{B80D2A33-FB9B-440B-BB80-496CDB8E8CD5}"
EndProject
Project("{9A19103F-16F7-4668-BE54-9A1E7A4F7556}") = "Test.It.With.Amqp.091.Protocol.Generator.Transformation.Tests", "Tests\Test.It.With.Amqp.091.Protocol.Generator.Transformation.Tests\Test.It.With.Amqp.091.Protocol.Generator.Transformation.Tests.csproj", "{C9CFD2ED-B03B-45BF-812D-7D5949AE2F18}"
EndProject
Project("{2150E333-8FDC-42A3-9474-1A3956D46DE8}") = "Solution Items", "Solution Items", "{D848126B-17F3-4E21-88C9-4FCA1349374E}"
	ProjectSection(SolutionItems) = preProject
		.github\workflows\ci.yml = .github\workflows\ci.yml
	EndProjectSection
EndProject
Global
	GlobalSection(SolutionConfigurationPlatforms) = preSolution
		Debug|Any CPU = Debug|Any CPU
		Debug|x86 = Debug|x86
		Release|Any CPU = Release|Any CPU
		Release|x86 = Release|x86
	EndGlobalSection
	GlobalSection(ProjectConfigurationPlatforms) = postSolution
		{08043C57-D39D-4420-B201-90699A06B418}.Debug|Any CPU.ActiveCfg = Debug|Any CPU
		{08043C57-D39D-4420-B201-90699A06B418}.Debug|Any CPU.Build.0 = Debug|Any CPU
		{08043C57-D39D-4420-B201-90699A06B418}.Debug|x86.ActiveCfg = Debug|Any CPU
		{08043C57-D39D-4420-B201-90699A06B418}.Debug|x86.Build.0 = Debug|Any CPU
		{08043C57-D39D-4420-B201-90699A06B418}.Release|Any CPU.ActiveCfg = Release|Any CPU
		{08043C57-D39D-4420-B201-90699A06B418}.Release|Any CPU.Build.0 = Release|Any CPU
		{08043C57-D39D-4420-B201-90699A06B418}.Release|x86.ActiveCfg = Release|Any CPU
		{08043C57-D39D-4420-B201-90699A06B418}.Release|x86.Build.0 = Release|Any CPU
		{F780861A-DB04-4937-8083-3CD6FD5C1D87}.Debug|Any CPU.ActiveCfg = Debug|Any CPU
		{F780861A-DB04-4937-8083-3CD6FD5C1D87}.Debug|Any CPU.Build.0 = Debug|Any CPU
		{F780861A-DB04-4937-8083-3CD6FD5C1D87}.Debug|x86.ActiveCfg = Debug|Any CPU
		{F780861A-DB04-4937-8083-3CD6FD5C1D87}.Debug|x86.Build.0 = Debug|Any CPU
		{F780861A-DB04-4937-8083-3CD6FD5C1D87}.Release|Any CPU.ActiveCfg = Release|Any CPU
		{F780861A-DB04-4937-8083-3CD6FD5C1D87}.Release|Any CPU.Build.0 = Release|Any CPU
		{F780861A-DB04-4937-8083-3CD6FD5C1D87}.Release|x86.ActiveCfg = Release|Any CPU
		{F780861A-DB04-4937-8083-3CD6FD5C1D87}.Release|x86.Build.0 = Release|Any CPU
		{B80D2A33-FB9B-440B-BB80-496CDB8E8CD5}.Debug|Any CPU.ActiveCfg = Debug|Any CPU
		{B80D2A33-FB9B-440B-BB80-496CDB8E8CD5}.Debug|Any CPU.Build.0 = Debug|Any CPU
		{B80D2A33-FB9B-440B-BB80-496CDB8E8CD5}.Debug|x86.ActiveCfg = Debug|Any CPU
		{B80D2A33-FB9B-440B-BB80-496CDB8E8CD5}.Debug|x86.Build.0 = Debug|Any CPU
		{B80D2A33-FB9B-440B-BB80-496CDB8E8CD5}.Release|Any CPU.ActiveCfg = Release|Any CPU
		{B80D2A33-FB9B-440B-BB80-496CDB8E8CD5}.Release|Any CPU.Build.0 = Release|Any CPU
		{B80D2A33-FB9B-440B-BB80-496CDB8E8CD5}.Release|x86.ActiveCfg = Release|Any CPU
		{B80D2A33-FB9B-440B-BB80-496CDB8E8CD5}.Release|x86.Build.0 = Release|Any CPU
		{C9CFD2ED-B03B-45BF-812D-7D5949AE2F18}.Debug|Any CPU.ActiveCfg = Debug|Any CPU
		{C9CFD2ED-B03B-45BF-812D-7D5949AE2F18}.Debug|Any CPU.Build.0 = Debug|Any CPU
		{C9CFD2ED-B03B-45BF-812D-7D5949AE2F18}.Debug|x86.ActiveCfg = Debug|Any CPU
		{C9CFD2ED-B03B-45BF-812D-7D5949AE2F18}.Debug|x86.Build.0 = Debug|Any CPU
		{C9CFD2ED-B03B-45BF-812D-7D5949AE2F18}.Release|Any CPU.ActiveCfg = Release|Any CPU
		{C9CFD2ED-B03B-45BF-812D-7D5949AE2F18}.Release|Any CPU.Build.0 = Release|Any CPU
		{C9CFD2ED-B03B-45BF-812D-7D5949AE2F18}.Release|x86.ActiveCfg = Release|Any CPU
		{C9CFD2ED-B03B-45BF-812D-7D5949AE2F18}.Release|x86.Build.0 = Release|Any CPU
	EndGlobalSection
	GlobalSection(SolutionProperties) = preSolution
		HideSolutionNode = FALSE
	EndGlobalSection
	GlobalSection(NestedProjects) = preSolution
		{08043C57-D39D-4420-B201-90699A06B418} = {757C86D9-1A1F-44A5-9017-2E49F876E55C}
		{C9CFD2ED-B03B-45BF-812D-7D5949AE2F18} = {757C86D9-1A1F-44A5-9017-2E49F876E55C}
	EndGlobalSection
	GlobalSection(ExtensibilityGlobals) = postSolution
		SolutionGuid = {FF0180D1-65B7-40BF-B448-17B333B0F48C}
	EndGlobalSection
EndGlobal
